
Microsoft Visual Studio Solution File, Format Version 12.00
# Visual Studio Version 16
VisualStudioVersion = 25.0.1706.5
MinimumVisualStudioVersion = 10.0.40219.1
Project("{FAE04EC0-301F-11D3-BF4B-00C04F79EFBC}") = "interview-test", "interview-test\interview-test.csproj", "{A3C13425-CD32-4B57-8FEE-6DB9125AF2B1}"
EndProject
Global
	GlobalSection(SolutionConfigurationPlatforms) = preSolution
		Debug|Any CPU = Debug|Any CPU
		Release|Any CPU = Release|Any CPU
	EndGlobalSection
	GlobalSection(ProjectConfigurationPlatforms) = postSolution
		{A3C13425-CD32-4B57-8FEE-6DB9125AF2B1}.Debug|Any CPU.ActiveCfg = Debug|Any CPU
		{A3C13425-CD32-4B57-8FEE-6DB9125AF2B1}.Debug|Any CPU.Build.0 = Debug|Any CPU
		{A3C13425-CD32-4B57-8FEE-6DB9125AF2B1}.Release|Any CPU.ActiveCfg = Release|Any CPU
		{A3C13425-CD32-4B57-8FEE-6DB9125AF2B1}.Release|Any CPU.Build.0 = Release|Any CPU
	EndGlobalSection
	GlobalSection(SolutionProperties) = preSolution
		HideSolutionNode = FALSE
	EndGlobalSection
	GlobalSection(ExtensibilityGlobals) = postSolution
		SolutionGuid = {241CD849-5030-490D-95A7-F0276DDF78B2}
	EndGlobalSection
EndGlobal
